
Microsoft Visual Studio Solution File, Format Version 12.00
# Visual Studio Version 16
VisualStudioVersion = 16.0.28803.202
MinimumVisualStudioVersion = 10.0.40219.1
Project("{FAE04EC0-301F-11D3-BF4B-00C04F79EFBC}") = "GTL.Controllers", "Software-1-GTL\GTL.Controllers.csproj", "{FCBC34CE-6E3E-4C8F-B108-DA422984E2B6}"
EndProject
Project("{FAE04EC0-301F-11D3-BF4B-00C04F79EFBC}") = "GTL.DataAccess", "GTL.DataAccess\GTL.DataAccess.csproj", "{B15A154A-5E74-48B2-AA7C-15C36936DC9C}"
EndProject
Project("{FAE04EC0-301F-11D3-BF4B-00C04F79EFBC}") = "GTL.Models", "GTL.Models\GTL.Models.csproj", "{97485AC3-01C1-49CB-B50B-AC5DF0FA43A0}"
EndProject
Project("{FAE04EC0-301F-11D3-BF4B-00C04F79EFBC}") = "GTL.View", "GTL.View\GTL.View.csproj", "{D5668E10-EBC8-4DEA-AC0A-3D9C327042FB}"
EndProject
Global
	GlobalSection(SolutionConfigurationPlatforms) = preSolution
		Debug|Any CPU = Debug|Any CPU
		Release|Any CPU = Release|Any CPU
	EndGlobalSection
	GlobalSection(ProjectConfigurationPlatforms) = postSolution
		{FCBC34CE-6E3E-4C8F-B108-DA422984E2B6}.Debug|Any CPU.ActiveCfg = Debug|Any CPU
		{FCBC34CE-6E3E-4C8F-B108-DA422984E2B6}.Debug|Any CPU.Build.0 = Debug|Any CPU
		{FCBC34CE-6E3E-4C8F-B108-DA422984E2B6}.Release|Any CPU.ActiveCfg = Release|Any CPU
		{FCBC34CE-6E3E-4C8F-B108-DA422984E2B6}.Release|Any CPU.Build.0 = Release|Any CPU
		{B15A154A-5E74-48B2-AA7C-15C36936DC9C}.Debug|Any CPU.ActiveCfg = Debug|Any CPU
		{B15A154A-5E74-48B2-AA7C-15C36936DC9C}.Debug|Any CPU.Build.0 = Debug|Any CPU
		{B15A154A-5E74-48B2-AA7C-15C36936DC9C}.Release|Any CPU.ActiveCfg = Release|Any CPU
		{B15A154A-5E74-48B2-AA7C-15C36936DC9C}.Release|Any CPU.Build.0 = Release|Any CPU
		{97485AC3-01C1-49CB-B50B-AC5DF0FA43A0}.Debug|Any CPU.ActiveCfg = Debug|Any CPU
		{97485AC3-01C1-49CB-B50B-AC5DF0FA43A0}.Debug|Any CPU.Build.0 = Debug|Any CPU
		{97485AC3-01C1-49CB-B50B-AC5DF0FA43A0}.Release|Any CPU.ActiveCfg = Release|Any CPU
		{97485AC3-01C1-49CB-B50B-AC5DF0FA43A0}.Release|Any CPU.Build.0 = Release|Any CPU
		{D5668E10-EBC8-4DEA-AC0A-3D9C327042FB}.Debug|Any CPU.ActiveCfg = Debug|Any CPU
		{D5668E10-EBC8-4DEA-AC0A-3D9C327042FB}.Debug|Any CPU.Build.0 = Debug|Any CPU
		{D5668E10-EBC8-4DEA-AC0A-3D9C327042FB}.Release|Any CPU.ActiveCfg = Release|Any CPU
		{D5668E10-EBC8-4DEA-AC0A-3D9C327042FB}.Release|Any CPU.Build.0 = Release|Any CPU
	EndGlobalSection
	GlobalSection(SolutionProperties) = preSolution
		HideSolutionNode = FALSE
	EndGlobalSection
	GlobalSection(ExtensibilityGlobals) = postSolution
		SolutionGuid = {422A2647-05FB-4AA3-8E86-5F4B639793B0}
	EndGlobalSection
EndGlobal
